
Microsoft Visual Studio Solution File, Format Version 12.00
# Visual Studio Version 17
VisualStudioVersion = 17.13.35828.75
MinimumVisualStudioVersion = 10.0.40219.1
Project("{FAE04EC0-301F-11D3-BF4B-00C04F79EFBC}") = "net_chat", "net_chat.csproj", "{4BA6E8F8-BB0A-452B-A01C-256D973ED47A}"
EndProject
Global
	GlobalSection(SolutionConfigurationPlatforms) = preSolution
		Debug|Any CPU = Debug|Any CPU
		Release|Any CPU = Release|Any CPU
	EndGlobalSection
	GlobalSection(ProjectConfigurationPlatforms) = postSolution
		{4BA6E8F8-BB0A-452B-A01C-256D973ED47A}.Debug|Any CPU.ActiveCfg = Debug|Any CPU
		{4BA6E8F8-BB0A-452B-A01C-256D973ED47A}.Debug|Any CPU.Build.0 = Debug|Any CPU
		{4BA6E8F8-BB0A-452B-A01C-256D973ED47A}.Release|Any CPU.ActiveCfg = Release|Any CPU
		{4BA6E8F8-BB0A-452B-A01C-256D973ED47A}.Release|Any CPU.Build.0 = Release|Any CPU
	EndGlobalSection
	GlobalSection(SolutionProperties) = preSolution
		HideSolutionNode = FALSE
	EndGlobalSection
	GlobalSection(ExtensibilityGlobals) = postSolution
		SolutionGuid = {4B6248DF-F3E0-41ED-B40A-F2AC427C84D7}
	EndGlobalSection
EndGlobal
